
Microsoft Visual Studio Solution File, Format Version 12.00
# Visual Studio 14
VisualStudioVersion = 14.0.25420.1
MinimumVisualStudioVersion = 10.0.40219.1
Project("{262852C6-CD72-467D-83FE-5EEB1973A190}") = "QrCodeTransfer", "QrCodeTransfer.Mobile\QrCodeTransfer.Mobile.jsproj", "{156E5C38-6EA5-4D3C-8BBE-91037256CA3B}"
EndProject
Project("{FAE04EC0-301F-11D3-BF4B-00C04F79EFBC}") = "QrCodeTransfer.Web", "QrCodeTransfer.Web\QrCodeTransfer.Web.csproj", "{4361FC18-6C75-4BED-AFFA-7061CFFC0A27}"
EndProject
Global
	GlobalSection(SolutionConfigurationPlatforms) = preSolution
		Debug|Android = Debug|Android
		Debug|Any CPU = Debug|Any CPU
		Debug|iOS = Debug|iOS
		Debug|Windows Phone (Universal) = Debug|Windows Phone (Universal)
		Debug|Windows Phone 8 = Debug|Windows Phone 8
		Debug|Windows-AnyCPU = Debug|Windows-AnyCPU
		Debug|Windows-ARM = Debug|Windows-ARM
		Debug|Windows-x64 = Debug|Windows-x64
		Debug|Windows-x86 = Debug|Windows-x86
		Release|Android = Release|Android
		Release|Any CPU = Release|Any CPU
		Release|iOS = Release|iOS
		Release|Windows Phone (Universal) = Release|Windows Phone (Universal)
		Release|Windows Phone 8 = Release|Windows Phone 8
		Release|Windows-AnyCPU = Release|Windows-AnyCPU
		Release|Windows-ARM = Release|Windows-ARM
		Release|Windows-x64 = Release|Windows-x64
		Release|Windows-x86 = Release|Windows-x86
	EndGlobalSection
	GlobalSection(ProjectConfigurationPlatforms) = postSolution
		{156E5C38-6EA5-4D3C-8BBE-91037256CA3B}.Debug|Android.ActiveCfg = Debug|Android
		{156E5C38-6EA5-4D3C-8BBE-91037256CA3B}.Debug|Android.Build.0 = Debug|Android
		{156E5C38-6EA5-4D3C-8BBE-91037256CA3B}.Debug|Android.Deploy.0 = Debug|Android
		{156E5C38-6EA5-4D3C-8BBE-91037256CA3B}.Debug|Any CPU.ActiveCfg = Debug|Android
		{156E5C38-6EA5-4D3C-8BBE-91037256CA3B}.Debug|iOS.ActiveCfg = Debug|iOS
		{156E5C38-6EA5-4D3C-8BBE-91037256CA3B}.Debug|iOS.Build.0 = Debug|iOS
		{156E5C38-6EA5-4D3C-8BBE-91037256CA3B}.Debug|iOS.Deploy.0 = Debug|iOS
		{156E5C38-6EA5-4D3C-8BBE-91037256CA3B}.Debug|Windows Phone (Universal).ActiveCfg = Debug|Windows Phone (Universal)
		{156E5C38-6EA5-4D3C-8BBE-91037256CA3B}.Debug|Windows Phone (Universal).Build.0 = Debug|Windows Phone (Universal)
		{156E5C38-6EA5-4D3C-8BBE-91037256CA3B}.Debug|Windows Phone (Universal).Deploy.0 = Debug|Windows Phone (Universal)
		{156E5C38-6EA5-4D3C-8BBE-91037256CA3B}.Debug|Windows Phone 8.ActiveCfg = Debug|Windows Phone 8
		{156E5C38-6EA5-4D3C-8BBE-91037256CA3B}.Debug|Windows Phone 8.Build.0 = Debug|Windows Phone 8
		{156E5C38-6EA5-4D3C-8BBE-91037256CA3B}.Debug|Windows Phone 8.Deploy.0 = Debug|Windows Phone 8
		{156E5C38-6EA5-4D3C-8BBE-91037256CA3B}.Debug|Windows-AnyCPU.ActiveCfg = Debug|Windows-AnyCPU
		{156E5C38-6EA5-4D3C-8BBE-91037256CA3B}.Debug|Windows-AnyCPU.Build.0 = Debug|Windows-AnyCPU
		{156E5C38-6EA5-4D3C-8BBE-91037256CA3B}.Debug|Windows-AnyCPU.Deploy.0 = Debug|Windows-AnyCPU
		{156E5C38-6EA5-4D3C-8BBE-91037256CA3B}.Debug|Windows-ARM.ActiveCfg = Debug|Windows-ARM
		{156E5C38-6EA5-4D3C-8BBE-91037256CA3B}.Debug|Windows-ARM.Build.0 = Debug|Windows-ARM
		{156E5C38-6EA5-4D3C-8BBE-91037256CA3B}.Debug|Windows-ARM.Deploy.0 = Debug|Windows-ARM
		{156E5C38-6EA5-4D3C-8BBE-91037256CA3B}.Debug|Windows-x64.ActiveCfg = Debug|Windows-x64
		{156E5C38-6EA5-4D3C-8BBE-91037256CA3B}.Debug|Windows-x64.Build.0 = Debug|Windows-x64
		{156E5C38-6EA5-4D3C-8BBE-91037256CA3B}.Debug|Windows-x64.Deploy.0 = Debug|Windows-x64
		{156E5C38-6EA5-4D3C-8BBE-91037256CA3B}.Debug|Windows-x86.ActiveCfg = Debug|Windows-x86
		{156E5C38-6EA5-4D3C-8BBE-91037256CA3B}.Debug|Windows-x86.Build.0 = Debug|Windows-x86
		{156E5C38-6EA5-4D3C-8BBE-91037256CA3B}.Debug|Windows-x86.Deploy.0 = Debug|Windows-x86
		{156E5C38-6EA5-4D3C-8BBE-91037256CA3B}.Release|Android.ActiveCfg = Release|Android
		{156E5C38-6EA5-4D3C-8BBE-91037256CA3B}.Release|Android.Build.0 = Release|Android
		{156E5C38-6EA5-4D3C-8BBE-91037256CA3B}.Release|Android.Deploy.0 = Release|Android
		{156E5C38-6EA5-4D3C-8BBE-91037256CA3B}.Release|Any CPU.ActiveCfg = Release|Android
		{156E5C38-6EA5-4D3C-8BBE-91037256CA3B}.Release|iOS.ActiveCfg = Release|iOS
		{156E5C38-6EA5-4D3C-8BBE-91037256CA3B}.Release|iOS.Build.0 = Release|iOS
		{156E5C38-6EA5-4D3C-8BBE-91037256CA3B}.Release|iOS.Deploy.0 = Release|iOS
		{156E5C38-6EA5-4D3C-8BBE-91037256CA3B}.Release|Windows Phone (Universal).ActiveCfg = Release|Windows Phone (Universal)
		{156E5C38-6EA5-4D3C-8BBE-91037256CA3B}.Release|Windows Phone (Universal).Build.0 = Release|Windows Phone (Universal)
		{156E5C38-6EA5-4D3C-8BBE-91037256CA3B}.Release|Windows Phone (Universal).Deploy.0 = Release|Windows Phone (Universal)
		{156E5C38-6EA5-4D3C-8BBE-91037256CA3B}.Release|Windows Phone 8.ActiveCfg = Release|Windows Phone 8
		{156E5C38-6EA5-4D3C-8BBE-91037256CA3B}.Release|Windows Phone 8.Build.0 = Release|Windows Phone 8
		{156E5C38-6EA5-4D3C-8BBE-91037256CA3B}.Release|Windows Phone 8.Deploy.0 = Release|Windows Phone 8
		{156E5C38-6EA5-4D3C-8BBE-91037256CA3B}.Release|Windows-AnyCPU.ActiveCfg = Release|Windows-AnyCPU
		{156E5C38-6EA5-4D3C-8BBE-91037256CA3B}.Release|Windows-AnyCPU.Build.0 = Release|Windows-AnyCPU
		{156E5C38-6EA5-4D3C-8BBE-91037256CA3B}.Release|Windows-AnyCPU.Deploy.0 = Release|Windows-AnyCPU
		{156E5C38-6EA5-4D3C-8BBE-91037256CA3B}.Release|Windows-ARM.ActiveCfg = Release|Windows-ARM
		{156E5C38-6EA5-4D3C-8BBE-91037256CA3B}.Release|Windows-ARM.Build.0 = Release|Windows-ARM
		{156E5C38-6EA5-4D3C-8BBE-91037256CA3B}.Release|Windows-ARM.Deploy.0 = Release|Windows-ARM
		{156E5C38-6EA5-4D3C-8BBE-91037256CA3B}.Release|Windows-x64.ActiveCfg = Release|Windows-x64
		{156E5C38-6EA5-4D3C-8BBE-91037256CA3B}.Release|Windows-x64.Build.0 = Release|Windows-x64
		{156E5C38-6EA5-4D3C-8BBE-91037256CA3B}.Release|Windows-x64.Deploy.0 = Release|Windows-x64
		{156E5C38-6EA5-4D3C-8BBE-91037256CA3B}.Release|Windows-x86.ActiveCfg = Release|Windows-x86
		{156E5C38-6EA5-4D3C-8BBE-91037256CA3B}.Release|Windows-x86.Build.0 = Release|Windows-x86
		{156E5C38-6EA5-4D3C-8BBE-91037256CA3B}.Release|Windows-x86.Deploy.0 = Release|Windows-x86
		{4361FC18-6C75-4BED-AFFA-7061CFFC0A27}.Debug|Android.ActiveCfg = Debug|Any CPU
		{4361FC18-6C75-4BED-AFFA-7061CFFC0A27}.Debug|Android.Build.0 = Debug|Any CPU
		{4361FC18-6C75-4BED-AFFA-7061CFFC0A27}.Debug|Any CPU.ActiveCfg = Debug|Any CPU
		{4361FC18-6C75-4BED-AFFA-7061CFFC0A27}.Debug|Any CPU.Build.0 = Debug|Any CPU
		{4361FC18-6C75-4BED-AFFA-7061CFFC0A27}.Debug|iOS.ActiveCfg = Debug|Any CPU
		{4361FC18-6C75-4BED-AFFA-7061CFFC0A27}.Debug|iOS.Build.0 = Debug|Any CPU
		{4361FC18-6C75-4BED-AFFA-7061CFFC0A27}.Debug|Windows Phone (Universal).ActiveCfg = Debug|Any CPU
		{4361FC18-6C75-4BED-AFFA-7061CFFC0A27}.Debug|Windows Phone (Universal).Build.0 = Debug|Any CPU
		{4361FC18-6C75-4BED-AFFA-7061CFFC0A27}.Debug|Windows Phone 8.ActiveCfg = Debug|Any CPU
		{4361FC18-6C75-4BED-AFFA-7061CFFC0A27}.Debug|Windows Phone 8.Build.0 = Debug|Any CPU
		{4361FC18-6C75-4BED-AFFA-7061CFFC0A27}.Debug|Windows-AnyCPU.ActiveCfg = Debug|Any CPU
		{4361FC18-6C75-4BED-AFFA-7061CFFC0A27}.Debug|Windows-AnyCPU.Build.0 = Debug|Any CPU
		{4361FC18-6C75-4BED-AFFA-7061CFFC0A27}.Debug|Windows-ARM.ActiveCfg = Debug|Any CPU
		{4361FC18-6C75-4BED-AFFA-7061CFFC0A27}.Debug|Windows-ARM.Build.0 = Debug|Any CPU
		{4361FC18-6C75-4BED-AFFA-7061CFFC0A27}.Debug|Windows-x64.ActiveCfg = Debug|Any CPU
		{4361FC18-6C75-4BED-AFFA-7061CFFC0A27}.Debug|Windows-x64.Build.0 = Debug|Any CPU
		{4361FC18-6C75-4BED-AFFA-7061CFFC0A27}.Debug|Windows-x86.ActiveCfg = Debug|Any CPU
		{4361FC18-6C75-4BED-AFFA-7061CFFC0A27}.Debug|Windows-x86.Build.0 = Debug|Any CPU
		{4361FC18-6C75-4BED-AFFA-7061CFFC0A27}.Release|Android.ActiveCfg = Release|Any CPU
		{4361FC18-6C75-4BED-AFFA-7061CFFC0A27}.Release|Android.Build.0 = Release|Any CPU
		{4361FC18-6C75-4BED-AFFA-7061CFFC0A27}.Release|Any CPU.ActiveCfg = Release|Any CPU
		{4361FC18-6C75-4BED-AFFA-7061CFFC0A27}.Release|Any CPU.Build.0 = Release|Any CPU
		{4361FC18-6C75-4BED-AFFA-7061CFFC0A27}.Release|iOS.ActiveCfg = Release|Any CPU
		{4361FC18-6C75-4BED-AFFA-7061CFFC0A27}.Release|iOS.Build.0 = Release|Any CPU
		{4361FC18-6C75-4BED-AFFA-7061CFFC0A27}.Release|Windows Phone (Universal).ActiveCfg = Release|Any CPU
		{4361FC18-6C75-4BED-AFFA-7061CFFC0A27}.Release|Windows Phone (Universal).Build.0 = Release|Any CPU
		{4361FC18-6C75-4BED-AFFA-7061CFFC0A27}.Release|Windows Phone 8.ActiveCfg = Release|Any CPU
		{4361FC18-6C75-4BED-AFFA-7061CFFC0A27}.Release|Windows Phone 8.Build.0 = Release|Any CPU
		{4361FC18-6C75-4BED-AFFA-7061CFFC0A27}.Release|Windows-AnyCPU.ActiveCfg = Release|Any CPU
		{4361FC18-6C75-4BED-AFFA-7061CFFC0A27}.Release|Windows-AnyCPU.Build.0 = Release|Any CPU
		{4361FC18-6C75-4BED-AFFA-7061CFFC0A27}.Release|Windows-ARM.ActiveCfg = Release|Any CPU
		{4361FC18-6C75-4BED-AFFA-7061CFFC0A27}.Release|Windows-ARM.Build.0 = Release|Any CPU
		{4361FC18-6C75-4BED-AFFA-7061CFFC0A27}.Release|Windows-x64.ActiveCfg = Release|Any CPU
		{4361FC18-6C75-4BED-AFFA-7061CFFC0A27}.Release|Windows-x64.Build.0 = Release|Any CPU
		{4361FC18-6C75-4BED-AFFA-7061CFFC0A27}.Release|Windows-x86.ActiveCfg = Release|Any CPU
		{4361FC18-6C75-4BED-AFFA-7061CFFC0A27}.Release|Windows-x86.Build.0 = Release|Any CPU
	EndGlobalSection
	GlobalSection(SolutionProperties) = preSolution
		HideSolutionNode = FALSE
	EndGlobalSection
EndGlobal
